
Microsoft Visual Studio Solution File, Format Version 12.00
# Visual Studio Version 17
VisualStudioVersion = 17.5.002.0
MinimumVisualStudioVersion = 10.0.40219.1
Project("{9A19103F-16F7-4668-BE54-9A1E7A4F7556}") = "StudentManagementAPI", "StudentManagementAPI.csproj", "{7FC0CC13-B5B6-4183-AAC5-5CBD7B922F2B}"
EndProject
Global
	GlobalSection(SolutionConfigurationPlatforms) = preSolution
		Debug|Any CPU = Debug|Any CPU
		Release|Any CPU = Release|Any CPU
	EndGlobalSection
	GlobalSection(ProjectConfigurationPlatforms) = postSolution
		{7FC0CC13-B5B6-4183-AAC5-5CBD7B922F2B}.Debug|Any CPU.ActiveCfg = Debug|Any CPU
		{7FC0CC13-B5B6-4183-AAC5-5CBD7B922F2B}.Debug|Any CPU.Build.0 = Debug|Any CPU
		{7FC0CC13-B5B6-4183-AAC5-5CBD7B922F2B}.Release|Any CPU.ActiveCfg = Release|Any CPU
		{7FC0CC13-B5B6-4183-AAC5-5CBD7B922F2B}.Release|Any CPU.Build.0 = Release|Any CPU
	EndGlobalSection
	GlobalSection(SolutionProperties) = preSolution
		HideSolutionNode = FALSE
	EndGlobalSection
	GlobalSection(ExtensibilityGlobals) = postSolution
		SolutionGuid = {5B5A2B1F-6CD8-4C1C-97E1-829A69504EC5}
	EndGlobalSection
EndGlobal
